// !$*UTF8*$!
{
	archiveVersion = 1;
	classes = {
	};
	objectVersion = 50;
	objects = {

/* Begin PBXBuildFile section */
		035DDD5521E023CA0075D93B /* AppDelegate.swift in Sources */ = {isa = PBXBuildFile; fileRef = 035DDD5421E023CA0075D93B /* AppDelegate.swift */; };
		035DDD5721E023CA0075D93B /* ViewController.swift in Sources */ = {isa = PBXBuildFile; fileRef = 035DDD5621E023CA0075D93B /* ViewController.swift */; };
		035DDD5A21E023CA0075D93B /* Main.storyboard in Resources */ = {isa = PBXBuildFile; fileRef = 035DDD5821E023CA0075D93B /* Main.storyboard */; };
		035DDD5C21E023CD0075D93B /* Assets.xcassets in Resources */ = {isa = PBXBuildFile; fileRef = 035DDD5B21E023CD0075D93B /* Assets.xcassets */; };
		035DDD5F21E023CD0075D93B /* LaunchScreen.storyboard in Resources */ = {isa = PBXBuildFile; fileRef = 035DDD5D21E023CD0075D93B /* LaunchScreen.storyboard */; };
		035DDD6C21E059C30075D93B /* StudentLocation.swift in Sources */ = {isa = PBXBuildFile; fileRef = 035DDD6B21E059C30075D93B /* StudentLocation.swift */; };
		035DDD6E21E067DB0075D93B /* LocationsViewController.swift in Sources */ = {isa = PBXBuildFile; fileRef = 035DDD6D21E067DB0075D93B /* LocationsViewController.swift */; };
		035DDD7221E0BDC60075D93B /* MapViewController.swift in Sources */ = {isa = PBXBuildFile; fileRef = 035DDD7121E0BDC60075D93B /* MapViewController.swift */; };
		035DDD7421E0BDDF0075D93B /* TableViewController.swift in Sources */ = {isa = PBXBuildFile; fileRef = 035DDD7321E0BDDF0075D93B /* TableViewController.swift */; };
		03E7F45D21E12422008EA650 /* AddLocationViewController.swift in Sources */ = {isa = PBXBuildFile; fileRef = 03E7F45B21E12422008EA650 /* AddLocationViewController.swift */; };
		03E7F45E21E12422008EA650 /* ConfirmLocationViewController.swift in Sources */ = {isa = PBXBuildFile; fileRef = 03E7F45C21E12422008EA650 /* ConfirmLocationViewController.swift */; };
		03E7F46121E22516008EA650 /* API.swift in Sources */ = {isa = PBXBuildFile; fileRef = 03E7F46021E22516008EA650 /* API.swift */; };
		03E7F46321E2255A008EA650 /* APIConstants.swift in Sources */ = {isa = PBXBuildFile; fileRef = 03E7F46221E2255A008EA650 /* APIConstants.swift */; };
		03E7F46521E22667008EA650 /* UserInfo.swift in Sources */ = {isa = PBXBuildFile; fileRef = 03E7F46421E22667008EA650 /* UserInfo.swift */; };
		03E7F46721E22776008EA650 /* UIViewController+UIResponder.swift in Sources */ = {isa = PBXBuildFile; fileRef = 03E7F46621E22776008EA650 /* UIViewController+UIResponder.swift */; };
/* End PBXBuildFile section */

/* Begin PBXFileReference section */
		035DDD5121E023CA0075D93B /* OnTheMap.app */ = {isa = PBXFileReference; explicitFileType = wrapper.application; includeInIndex = 0; path = OnTheMap.app; sourceTree = BUILT_PRODUCTS_DIR; };
		035DDD5421E023CA0075D93B /* AppDelegate.swift */ = {isa = PBXFileReference; lastKnownFileType = sourcecode.swift; path = AppDelegate.swift; sourceTree = "<group>"; };
		035DDD5621E023CA0075D93B /* ViewController.swift */ = {isa = PBXFileReference; lastKnownFileType = sourcecode.swift; path = ViewController.swift; sourceTree = "<group>"; };
		035DDD5921E023CA0075D93B /* Base */ = {isa = PBXFileReference; lastKnownFileType = file.storyboard; name = Base; path = Base.lproj/Main.storyboard; sourceTree = "<group>"; };
		035DDD5B21E023CD0075D93B /* Assets.xcassets */ = {isa = PBXFileReference; lastKnownFileType = folder.assetcatalog; path = Assets.xcassets; sourceTree = "<group>"; };
		035DDD5E21E023CD0075D93B /* Base */ = {isa = PBXFileReference; lastKnownFileType = file.storyboard; name = Base; path = Base.lproj/LaunchScreen.storyboard; sourceTree = "<group>"; };
		035DDD6021E023CD0075D93B /* Info.plist */ = {isa = PBXFileReference; lastKnownFileType = text.plist.xml; path = Info.plist; sourceTree = "<group>"; };
		035DDD6B21E059C30075D93B /* StudentLocation.swift */ = {isa = PBXFileReference; lastKnownFileType = sourcecode.swift; path = StudentLocation.swift; sourceTree = "<group>"; };
		035DDD6D21E067DB0075D93B /* LocationsViewController.swift */ = {isa = PBXFileReference; lastKnownFileType = sourcecode.swift; path = LocationsViewController.swift; sourceTree = "<group>"; };
		035DDD7121E0BDC60075D93B /* MapViewController.swift */ = {isa = PBXFileReference; lastKnownFileType = sourcecode.swift; path = MapViewController.swift; sourceTree = "<group>"; };
		035DDD7321E0BDDF0075D93B /* TableViewController.swift */ = {isa = PBXFileReference; lastKnownFileType = sourcecode.swift; path = TableViewController.swift; sourceTree = "<group>"; };
		03E7F45B21E12422008EA650 /* AddLocationViewController.swift */ = {isa = PBXFileReference; fileEncoding = 4; lastKnownFileType = sourcecode.swift; path = AddLocationViewController.swift; sourceTree = "<group>"; };
		03E7F45C21E12422008EA650 /* ConfirmLocationViewController.swift */ = {isa = PBXFileReference; fileEncoding = 4; lastKnownFileType = sourcecode.swift; path = ConfirmLocationViewController.swift; sourceTree = "<group>"; };
		03E7F46021E22516008EA650 /* API.swift */ = {isa = PBXFileReference; lastKnownFileType = sourcecode.swift; path = API.swift; sourceTree = "<group>"; };
		03E7F46221E2255A008EA650 /* APIConstants.swift */ = {isa = PBXFileReference; lastKnownFileType = sourcecode.swift; path = APIConstants.swift; sourceTree = "<group>"; };
		03E7F46421E22667008EA650 /* UserInfo.swift */ = {isa = PBXFileReference; lastKnownFileType = sourcecode.swift; path = UserInfo.swift; sourceTree = "<group>"; };
		03E7F46621E22776008EA650 /* UIViewController+UIResponder.swift */ = {isa = PBXFileReference; lastKnownFileType = sourcecode.swift; path = "UIViewController+UIResponder.swift"; sourceTree = "<group>"; };
/* End PBXFileReference section */

/* Begin PBXFrameworksBuildPhase section */
		035DDD4E21E023CA0075D93B /* Frameworks */ = {
			isa = PBXFrameworksBuildPhase;
			buildActionMask = 2147483647;
			files = (
			);
			runOnlyForDeploymentPostprocessing = 0;
		};
/* End PBXFrameworksBuildPhase section */

/* Begin PBXGroup section */
		035DDD4821E023CA0075D93B = {
			isa = PBXGroup;
			children = (
				035DDD5321E023CA0075D93B /* OnTheMap */,
				035DDD5221E023CA0075D93B /* Products */,
			);
			sourceTree = "<group>";
		};
		035DDD5221E023CA0075D93B /* Products */ = {
			isa = PBXGroup;
			children = (
				035DDD5121E023CA0075D93B /* OnTheMap.app */,
			);
			name = Products;
			sourceTree = "<group>";
		};
		035DDD5321E023CA0075D93B /* OnTheMap */ = {
			isa = PBXGroup;
			children = (
				035DDD6A21E0599D0075D93B /* Model */,
				03E7F45B21E12422008EA650 /* AddLocationViewController.swift */,
				03E7F45C21E12422008EA650 /* ConfirmLocationViewController.swift */,
				035DDD5421E023CA0075D93B /* AppDelegate.swift */,
				035DDD5621E023CA0075D93B /* ViewController.swift */,
				035DDD5821E023CA0075D93B /* Main.storyboard */,
				035DDD5B21E023CD0075D93B /* Assets.xcassets */,
				035DDD5D21E023CD0075D93B /* LaunchScreen.storyboard */,
				035DDD6021E023CD0075D93B /* Info.plist */,
				035DDD6D21E067DB0075D93B /* LocationsViewController.swift */,
				035DDD7121E0BDC60075D93B /* MapViewController.swift */,
				035DDD7321E0BDDF0075D93B /* TableViewController.swift */,
			);
			path = OnTheMap;
			sourceTree = "<group>";
		};
		035DDD6A21E0599D0075D93B /* Model */ = {
			isa = PBXGroup;
			children = (
				03E7F45F21E224F3008EA650 /* Network */,
				035DDD6B21E059C30075D93B /* StudentLocation.swift */,
				03E7F46421E22667008EA650 /* UserInfo.swift */,
				03E7F46621E22776008EA650 /* UIViewController+UIResponder.swift */,
			);
			path = Model;
			sourceTree = "<group>";
		};
		03E7F45F21E224F3008EA650 /* Network */ = {
			isa = PBXGroup;
			children = (
				03E7F46021E22516008EA650 /* API.swift */,
				03E7F46221E2255A008EA650 /* APIConstants.swift */,
			);
			path = Network;
			sourceTree = "<group>";
		};
/* End PBXGroup section */

/* Begin PBXNativeTarget section */
		035DDD5021E023CA0075D93B /* OnTheMap */ = {
			isa = PBXNativeTarget;
			buildConfigurationList = 035DDD6321E023CD0075D93B /* Build configuration list for PBXNativeTarget "OnTheMap" */;
			buildPhases = (
				035DDD4D21E023CA0075D93B /* Sources */,
				035DDD4E21E023CA0075D93B /* Frameworks */,
				035DDD4F21E023CA0075D93B /* Resources */,
			);
			buildRules = (
			);
			dependencies = (
			);
			name = OnTheMap;
			productName = OnTheMap;
			productReference = 035DDD5121E023CA0075D93B /* OnTheMap.app */;
			productType = "com.apple.product-type.application";
		};
/* End PBXNativeTarget section */

/* Begin PBXProject section */
		035DDD4921E023CA0075D93B /* Project object */ = {
			isa = PBXProject;
			attributes = {
				LastSwiftUpdateCheck = 1010;
				LastUpgradeCheck = 1010;
				ORGANIZATIONNAME = "Eman Albarqi";
				TargetAttributes = {
					035DDD5021E023CA0075D93B = {
						CreatedOnToolsVersion = 10.1;
					};
				};
			};
			buildConfigurationList = 035DDD4C21E023CA0075D93B /* Build configuration list for PBXProject "OnTheMap" */;
			compatibilityVersion = "Xcode 9.3";
			developmentRegion = en;
			hasScannedForEncodings = 0;
			knownRegions = (
				en,
				Base,
			);
			mainGroup = 035DDD4821E023CA0075D93B;
			productRefGroup = 035DDD5221E023CA0075D93B /* Products */;
			projectDirPath = "";
			projectRoot = "";
			targets = (
				035DDD5021E023CA0075D93B /* OnTheMap */,
			);
		};
/* End PBXProject section */

/* Begin PBXResourcesBuildPhase section */
		035DDD4F21E023CA0075D93B /* Resources */ = {
			isa = PBXResourcesBuildPhase;
			buildActionMask = 2147483647;
			files = (
				035DDD5F21E023CD0075D93B /* LaunchScreen.storyboard in Resources */,
				035DDD5C21E023CD0075D93B /* Assets.xcassets in Resources */,
				035DDD5A21E023CA0075D93B /* Main.storyboard in Resources */,
			);
			runOnlyForDeploymentPostprocessing = 0;
		};
/* End PBXResourcesBuildPhase section */

/* Begin PBXSourcesBuildPhase section */
		035DDD4D21E023CA0075D93B /* Sources */ = {
			isa = PBXSourcesBuildPhase;
			buildActionMask = 2147483647;
			files = (
				035DDD5721E023CA0075D93B /* ViewController.swift in Sources */,
				035DDD7421E0BDDF0075D93B /* TableViewController.swift in Sources */,
				035DDD7221E0BDC60075D93B /* MapViewController.swift in Sources */,
				03E7F45D21E12422008EA650 /* AddLocationViewController.swift in Sources */,
				03E7F45E21E12422008EA650 /* ConfirmLocationViewController.swift in Sources */,
				035DDD5521E023CA0075D93B /* AppDelegate.swift in Sources */,
				03E7F46321E2255A008EA650 /* APIConstants.swift in Sources */,
				035DDD6C21E059C30075D93B /* StudentLocation.swift in Sources */,
				03E7F46121E22516008EA650 /* API.swift in Sources */,
				03E7F46721E22776008EA650 /* UIViewController+UIResponder.swift in Sources */,
				03E7F46521E22667008EA650 /* UserInfo.swift in Sources */,
				035DDD6E21E067DB0075D93B /* LocationsViewController.swift in Sources */,
			);
			runOnlyForDeploymentPostprocessing = 0;
		};
/* End PBXSourcesBuildPhase section */

/* Begin PBXVariantGroup section */
		035DDD5821E023CA0075D93B /* Main.storyboard */ = {
			isa = PBXVariantGroup;
			children = (
				035DDD5921E023CA0075D93B /* Base */,
			);
			name = Main.storyboard;
			sourceTree = "<group>";
		};
		035DDD5D21E023CD0075D93B /* LaunchScreen.storyboard */ = {
			isa = PBXVariantGroup;
			children = (
				035DDD5E21E023CD0075D93B /* Base */,
			);
			name = LaunchScreen.storyboard;
			sourceTree = "<group>";
		};
/* End PBXVariantGroup section */

/* Begin XCBuildConfiguration section */
		035DDD6121E023CD0075D93B /* Debug */ = {
			isa = XCBuildConfiguration;
			buildSettings = {
				ALWAYS_SEARCH_USER_PATHS = NO;
				CLANG_ANALYZER_NONNULL = YES;
				CLANG_ANALYZER_NUMBER_OBJECT_CONVERSION = YES_AGGRESSIVE;
				CLANG_CXX_LANGUAGE_STANDARD = "gnu++14";
				CLANG_CXX_LIBRARY = "libc++";
				CLANG_ENABLE_MODULES = YES;
				CLANG_ENABLE_OBJC_ARC = YES;
				CLANG_ENABLE_OBJC_WEAK = YES;
				CLANG_WARN_BLOCK_CAPTURE_AUTORELEASING = YES;
				CLANG_WARN_BOOL_CONVERSION = YES;
				CLANG_WARN_COMMA = YES;
				CLANG_WARN_CONSTANT_CONVERSION = YES;
				CLANG_WARN_DEPRECATED_OBJC_IMPLEMENTATIONS = YES;
				CLANG_WARN_DIRECT_OBJC_ISA_USAGE = YES_ERROR;
				CLANG_WARN_DOCUMENTATION_COMMENTS = YES;
				CLANG_WARN_EMPTY_BODY = YES;
				CLANG_WARN_ENUM_CONVERSION = YES;
				CLANG_WARN_INFINITE_RECURSION = YES;
				CLANG_WARN_INT_CONVERSION = YES;
				CLANG_WARN_NON_LITERAL_NULL_CONVERSION = YES;
				CLANG_WARN_OBJC_IMPLICIT_RETAIN_SELF = YES;
				CLANG_WARN_OBJC_LITERAL_CONVERSION = YES;
				CLANG_WARN_OBJC_ROOT_CLASS = YES_ERROR;
				CLANG_WARN_RANGE_LOOP_ANALYSIS = YES;
				CLANG_WARN_STRICT_PROTOTYPES = YES;
				CLANG_WARN_SUSPICIOUS_MOVE = YES;
				CLANG_WARN_UNGUARDED_AVAILABILITY = YES_AGGRESSIVE;
				CLANG_WARN_UNREACHABLE_CODE = YES;
				CLANG_WARN__DUPLICATE_METHOD_MATCH = YES;
				CODE_SIGN_IDENTITY = "iPhone Developer";
				COPY_PHASE_STRIP = NO;
				DEBUG_INFORMATION_FORMAT = dwarf;
				ENABLE_STRICT_OBJC_MSGSEND = YES;
				ENABLE_TESTABILITY = YES;
				GCC_C_LANGUAGE_STANDARD = gnu11;
				GCC_DYNAMIC_NO_PIC = NO;
				GCC_NO_COMMON_BLOCKS = YES;
				GCC_OPTIMIZATION_LEVEL = 0;
				GCC_PREPROCESSOR_DEFINITIONS = (
					"DEBUG=1",
					"$(inherited)",
				);
				GCC_WARN_64_TO_32_BIT_CONVERSION = YES;
				GCC_WARN_ABOUT_RETURN_TYPE = YES_ERROR;
				GCC_WARN_UNDECLARED_SELECTOR = YES;
				GCC_WARN_UNINITIALIZED_AUTOS = YES_AGGRESSIVE;
				GCC_WARN_UNUSED_FUNCTION = YES;
				GCC_WARN_UNUSED_VARIABLE = YES;
				IPHONEOS_DEPLOYMENT_TARGET = 12.1;
				MTL_ENABLE_DEBUG_INFO = INCLUDE_SOURCE;
				MTL_FAST_MATH = YES;
				ONLY_ACTIVE_ARCH = YES;
				SDKROOT = iphoneos;
				SWIFT_ACTIVE_COMPILATION_CONDITIONS = DEBUG;
				SWIFT_OPTIMIZATION_LEVEL = "-Onone";
			};
			name = Debug;
		};
		035DDD6221E023CD0075D93B /* Release */ = {
			isa = XCBuildConfiguration;
			buildSettings = {
				ALWAYS_SEARCH_USER_PATHS = NO;
				CLANG_ANALYZER_NONNULL = YES;
				CLANG_ANALYZER_NUMBER_OBJECT_CONVERSION = YES_AGGRESSIVE;
				CLANG_CXX_LANGUAGE_STANDARD = "gnu++14";
				CLANG_CXX_LIBRARY = "libc++";
				CLANG_ENABLE_MODULES = YES;
				CLANG_ENABLE_OBJC_ARC = YES;
				CLANG_ENABLE_OBJC_WEAK = YES;
				CLANG_WARN_BLOCK_CAPTURE_AUTORELEASING = YES;
				CLANG_WARN_BOOL_CONVERSION = YES;
				CLANG_WARN_COMMA = YES;
				CLANG_WARN_CONSTANT_CONVERSION = YES;
				CLANG_WARN_DEPRECATED_OBJC_IMPLEMENTATIONS = YES;
				CLANG_WARN_DIRECT_OBJC_ISA_USAGE = YES_ERROR;
				CLANG_WARN_DOCUMENTATION_COMMENTS = YES;
				CLANG_WARN_EMPTY_BODY = YES;
				CLANG_WARN_ENUM_CONVERSION = YES;
				CLANG_WARN_INFINITE_RECURSION = YES;
				CLANG_WARN_INT_CONVERSION = YES;
				CLANG_WARN_NON_LITERAL_NULL_CONVERSION = YES;
				CLANG_WARN_OBJC_IMPLICIT_RETAIN_SELF = YES;
				CLANG_WARN_OBJC_LITERAL_CONVERSION = YES;
				CLANG_WARN_OBJC_ROOT_CLASS = YES_ERROR;
				CLANG_WARN_RANGE_LOOP_ANALYSIS = YES;
				CLANG_WARN_STRICT_PROTOTYPES = YES;
				CLANG_WARN_SUSPICIOUS_MOVE = YES;
				CLANG_WARN_UNGUARDED_AVAILABILITY = YES_AGGRESSIVE;
				CLANG_WARN_UNREACHABLE_CODE = YES;
				CLANG_WARN__DUPLICATE_METHOD_MATCH = YES;
				CODE_SIGN_IDENTITY = "iPhone Developer";
				COPY_PHASE_STRIP = NO;
				DEBUG_INFORMATION_FORMAT = "dwarf-with-dsym";
				ENABLE_NS_ASSERTIONS = NO;
				ENABLE_STRICT_OBJC_MSGSEND = YES;
				GCC_C_LANGUAGE_STANDARD = gnu11;
				GCC_NO_COMMON_BLOCKS = YES;
				GCC_WARN_64_TO_32_BIT_CONVERSION = YES;
				GCC_WARN_ABOUT_RETURN_TYPE = YES_ERROR;
				GCC_WARN_UNDECLARED_SELECTOR = YES;
				GCC_WARN_UNINITIALIZED_AUTOS = YES_AGGRESSIVE;
				GCC_WARN_UNUSED_FUNCTION = YES;
				GCC_WARN_UNUSED_VARIABLE = YES;
				IPHONEOS_DEPLOYMENT_TARGET = 12.1;
				MTL_ENABLE_DEBUG_INFO = NO;
				MTL_FAST_MATH = YES;
				SDKROOT = iphoneos;
				SWIFT_COMPILATION_MODE = wholemodule;
				SWIFT_OPTIMIZATION_LEVEL = "-O";
				VALIDATE_PRODUCT = YES;
			};
			name = Release;
		};
		035DDD6421E023CD0075D93B /* Debug */ = {
			isa = XCBuildConfiguration;
			buildSettings = {
				ASSETCATALOG_COMPILER_APPICON_NAME = AppIcon;
				CODE_SIGN_STYLE = Automatic;
				INFOPLIST_FILE = OnTheMap/Info.plist;
				IPHONEOS_DEPLOYMENT_TARGET = 11.0;
				LD_RUNPATH_SEARCH_PATHS = (
					"$(inherited)",
					"@executable_path/Frameworks",
				);
				PRODUCT_BUNDLE_IDENTIFIER = com.eman.OnTheMap;
				PRODUCT_NAME = "$(TARGET_NAME)";
				SWIFT_VERSION = 4.2;
				TARGETED_DEVICE_FAMILY = "1,2";
			};
			name = Debug;
		};
		035DDD6521E023CD0075D93B /* Release */ = {
			isa = XCBuildConfiguration;
			buildSettings = {
				ASSETCATALOG_COMPILER_APPICON_NAME = AppIcon;
				CODE_SIGN_STYLE = Automatic;
				INFOPLIST_FILE = OnTheMap/Info.plist;
				IPHONEOS_DEPLOYMENT_TARGET = 11.0;
				LD_RUNPATH_SEARCH_PATHS = (
					"$(inherited)",
					"@executable_path/Frameworks",
				);
				PRODUCT_BUNDLE_IDENTIFIER = com.eman.OnTheMap;
				PRODUCT_NAME = "$(TARGET_NAME)";
				SWIFT_VERSION = 4.2;
				TARGETED_DEVICE_FAMILY = "1,2";
			};
			name = Release;
		};
/* End XCBuildConfiguration section */

/* Begin XCConfigurationList section */
		035DDD4C21E023CA0075D93B /* Build configuration list for PBXProject "OnTheMap" */ = {
			isa = XCConfigurationList;
			buildConfigurations = (
				035DDD6121E023CD0075D93B /* Debug */,
				035DDD6221E023CD0075D93B /* Release */,
			);
			defaultConfigurationIsVisible = 0;
			defaultConfigurationName = Release;
		};
		035DDD6321E023CD0075D93B /* Build configuration list for PBXNativeTarget "OnTheMap" */ = {
			isa = XCConfigurationList;
			buildConfigurations = (
				035DDD6421E023CD0075D93B /* Debug */,
				035DDD6521E023CD0075D93B /* Release */,
			);
			defaultConfigurationIsVisible = 0;
			defaultConfigurationName = Release;
		};
/* End XCConfigurationList section */
	};
	rootObject = 035DDD4921E023CA0075D93B /* Project object */;
}
